
Microsoft Visual Studio Solution File, Format Version 12.00
# Visual Studio 2012
Project("{FAE04EC0-301F-11D3-BF4B-00C04F79EFBC}") = "CLReproject", "CLReproject\CLReproject.csproj", "{82BACEEE-F1A0-480B-BFBC-A60D3A0CAF93}"
EndProject
Global
	GlobalSection(SolutionConfigurationPlatforms) = preSolution
		Debug|x86 = Debug|x86
		Release|x86 = Release|x86
	EndGlobalSection
	GlobalSection(ProjectConfigurationPlatforms) = postSolution
		{82BACEEE-F1A0-480B-BFBC-A60D3A0CAF93}.Debug|x86.ActiveCfg = Debug|x86
		{82BACEEE-F1A0-480B-BFBC-A60D3A0CAF93}.Debug|x86.Build.0 = Debug|x86
		{82BACEEE-F1A0-480B-BFBC-A60D3A0CAF93}.Release|x86.ActiveCfg = Release|x86
		{82BACEEE-F1A0-480B-BFBC-A60D3A0CAF93}.Release|x86.Build.0 = Release|x86
	EndGlobalSection
EndGlobal
